{
  "name": "DreamLandGameProjectLME",
  "lockfileVersion": 3,
  "requires": true,
  "packages": {
    "": {
      "dependencies": {
        "babylonjs": "^8.0.2"
      }
    },
    "node_modules/babylonjs": {
      "version": "8.0.2",
      "resolved": "https://registry.npmjs.org/babylonjs/-/babylonjs-8.0.2.tgz",
      "integrity": "sha512-obZPonvOzDcYosXwoqpfuCh+eD6GdaG0IDbD2v3H4OiG6HPR9V+0/ivzzwCDTRKq1s7zE/46zAJBZUnpA0TTIQ==",
      "hasInstallScript": true,
      "license": "Apache-2.0"
    }
  }
}
